
Microsoft Visual Studio Solution File, Format Version 12.00
# Visual Studio 15
Project("{FAE04EC0-301F-11D3-BF4B-00C04F79EFBC}") = "FlexText.Android", "FlexText.Android\FlexText.Android.csproj", "{5BEC2F7D-B3FE-4057-B27E-741791076F0B}"
EndProject
Project("{FAE04EC0-301F-11D3-BF4B-00C04F79EFBC}") = "FlexText.iOS", "FlexText.iOS\FlexText.iOS.csproj", "{109B2F7C-97BB-451E-88F9-86F6FC4BD6D1}"
EndProject
Project("{FAE04EC0-301F-11D3-BF4B-00C04F79EFBC}") = "FlexText", "FlexText\FlexText.csproj", "{A1B6B122-4F8D-4C8C-A12D-AC6B0B48B6AE}"
EndProject
Global
	GlobalSection(SolutionConfigurationPlatforms) = preSolution
		Debug|Any CPU = Debug|Any CPU
		Release|Any CPU = Release|Any CPU
		Debug|iPhoneSimulator = Debug|iPhoneSimulator
		Release|iPhoneSimulator = Release|iPhoneSimulator
		Debug|iPhone = Debug|iPhone
		Release|iPhone = Release|iPhone
		Ad-Hoc|iPhone = Ad-Hoc|iPhone
		AppStore|iPhone = AppStore|iPhone
	EndGlobalSection
	GlobalSection(ProjectConfigurationPlatforms) = postSolution
		{5BEC2F7D-B3FE-4057-B27E-741791076F0B}.Debug|Any CPU.ActiveCfg = Debug|Any CPU
		{5BEC2F7D-B3FE-4057-B27E-741791076F0B}.Debug|Any CPU.Build.0 = Debug|Any CPU
		{5BEC2F7D-B3FE-4057-B27E-741791076F0B}.Release|Any CPU.ActiveCfg = Release|Any CPU
		{5BEC2F7D-B3FE-4057-B27E-741791076F0B}.Release|Any CPU.Build.0 = Release|Any CPU
		{5BEC2F7D-B3FE-4057-B27E-741791076F0B}.Debug|iPhoneSimulator.ActiveCfg = Debug|Any CPU
		{5BEC2F7D-B3FE-4057-B27E-741791076F0B}.Debug|iPhoneSimulator.Build.0 = Debug|Any CPU
		{5BEC2F7D-B3FE-4057-B27E-741791076F0B}.Release|iPhoneSimulator.ActiveCfg = Release|Any CPU
		{5BEC2F7D-B3FE-4057-B27E-741791076F0B}.Release|iPhoneSimulator.Build.0 = Release|Any CPU
		{5BEC2F7D-B3FE-4057-B27E-741791076F0B}.Debug|iPhone.ActiveCfg = Debug|Any CPU
		{5BEC2F7D-B3FE-4057-B27E-741791076F0B}.Debug|iPhone.Build.0 = Debug|Any CPU
		{5BEC2F7D-B3FE-4057-B27E-741791076F0B}.Release|iPhone.ActiveCfg = Release|Any CPU
		{5BEC2F7D-B3FE-4057-B27E-741791076F0B}.Release|iPhone.Build.0 = Release|Any CPU
		{5BEC2F7D-B3FE-4057-B27E-741791076F0B}.Ad-Hoc|iPhone.ActiveCfg = Debug|Any CPU
		{5BEC2F7D-B3FE-4057-B27E-741791076F0B}.Ad-Hoc|iPhone.Build.0 = Debug|Any CPU
		{5BEC2F7D-B3FE-4057-B27E-741791076F0B}.AppStore|iPhone.ActiveCfg = Debug|Any CPU
		{5BEC2F7D-B3FE-4057-B27E-741791076F0B}.AppStore|iPhone.Build.0 = Debug|Any CPU
		{109B2F7C-97BB-451E-88F9-86F6FC4BD6D1}.Debug|Any CPU.ActiveCfg = Debug|iPhoneSimulator
		{109B2F7C-97BB-451E-88F9-86F6FC4BD6D1}.Debug|Any CPU.Build.0 = Debug|iPhoneSimulator
		{109B2F7C-97BB-451E-88F9-86F6FC4BD6D1}.Release|Any CPU.ActiveCfg = Release|iPhoneSimulator
		{109B2F7C-97BB-451E-88F9-86F6FC4BD6D1}.Release|Any CPU.Build.0 = Release|iPhoneSimulator
		{109B2F7C-97BB-451E-88F9-86F6FC4BD6D1}.Debug|iPhoneSimulator.ActiveCfg = Debug|iPhoneSimulator
		{109B2F7C-97BB-451E-88F9-86F6FC4BD6D1}.Debug|iPhoneSimulator.Build.0 = Debug|iPhoneSimulator
		{109B2F7C-97BB-451E-88F9-86F6FC4BD6D1}.Release|iPhoneSimulator.ActiveCfg = Release|iPhoneSimulator
		{109B2F7C-97BB-451E-88F9-86F6FC4BD6D1}.Release|iPhoneSimulator.Build.0 = Release|iPhoneSimulator
		{109B2F7C-97BB-451E-88F9-86F6FC4BD6D1}.Debug|iPhone.ActiveCfg = Debug|iPhone
		{109B2F7C-97BB-451E-88F9-86F6FC4BD6D1}.Debug|iPhone.Build.0 = Debug|iPhone
		{109B2F7C-97BB-451E-88F9-86F6FC4BD6D1}.Release|iPhone.ActiveCfg = Release|iPhone
		{109B2F7C-97BB-451E-88F9-86F6FC4BD6D1}.Release|iPhone.Build.0 = Release|iPhone
		{109B2F7C-97BB-451E-88F9-86F6FC4BD6D1}.Ad-Hoc|iPhone.ActiveCfg = Ad-Hoc|iPhone
		{109B2F7C-97BB-451E-88F9-86F6FC4BD6D1}.Ad-Hoc|iPhone.Build.0 = Ad-Hoc|iPhone
		{109B2F7C-97BB-451E-88F9-86F6FC4BD6D1}.AppStore|iPhone.ActiveCfg = AppStore|iPhone
		{109B2F7C-97BB-451E-88F9-86F6FC4BD6D1}.AppStore|iPhone.Build.0 = AppStore|iPhone
		{A1B6B122-4F8D-4C8C-A12D-AC6B0B48B6AE}.Debug|Any CPU.ActiveCfg = Debug|Any CPU
		{A1B6B122-4F8D-4C8C-A12D-AC6B0B48B6AE}.Debug|Any CPU.Build.0 = Debug|Any CPU
		{A1B6B122-4F8D-4C8C-A12D-AC6B0B48B6AE}.Release|Any CPU.ActiveCfg = Release|Any CPU
		{A1B6B122-4F8D-4C8C-A12D-AC6B0B48B6AE}.Release|Any CPU.Build.0 = Release|Any CPU
		{A1B6B122-4F8D-4C8C-A12D-AC6B0B48B6AE}.Debug|iPhoneSimulator.ActiveCfg = Debug|Any CPU
		{A1B6B122-4F8D-4C8C-A12D-AC6B0B48B6AE}.Debug|iPhoneSimulator.Build.0 = Debug|Any CPU
		{A1B6B122-4F8D-4C8C-A12D-AC6B0B48B6AE}.Release|iPhoneSimulator.ActiveCfg = Release|Any CPU
		{A1B6B122-4F8D-4C8C-A12D-AC6B0B48B6AE}.Release|iPhoneSimulator.Build.0 = Release|Any CPU
		{A1B6B122-4F8D-4C8C-A12D-AC6B0B48B6AE}.Debug|iPhone.ActiveCfg = Debug|Any CPU
		{A1B6B122-4F8D-4C8C-A12D-AC6B0B48B6AE}.Debug|iPhone.Build.0 = Debug|Any CPU
		{A1B6B122-4F8D-4C8C-A12D-AC6B0B48B6AE}.Release|iPhone.ActiveCfg = Release|Any CPU
		{A1B6B122-4F8D-4C8C-A12D-AC6B0B48B6AE}.Release|iPhone.Build.0 = Release|Any CPU
		{A1B6B122-4F8D-4C8C-A12D-AC6B0B48B6AE}.Ad-Hoc|iPhone.ActiveCfg = Debug|Any CPU
		{A1B6B122-4F8D-4C8C-A12D-AC6B0B48B6AE}.Ad-Hoc|iPhone.Build.0 = Debug|Any CPU
		{A1B6B122-4F8D-4C8C-A12D-AC6B0B48B6AE}.AppStore|iPhone.ActiveCfg = Debug|Any CPU
		{A1B6B122-4F8D-4C8C-A12D-AC6B0B48B6AE}.AppStore|iPhone.Build.0 = Debug|Any CPU
	EndGlobalSection
EndGlobal
